// !$*UTF8*$!
{
	archiveVersion = 1;
	classes = {
	};
	objectVersion = 46;
	objects = {

/* Begin PBXBuildFile section */
		E210FEA11AB2DA240000E739 /* TGCommentTableViewCell.m in Sources */ = {isa = PBXBuildFile; fileRef = E210FEA01AB2DA240000E739 /* TGCommentTableViewCell.m */; };
		E210FEA71AB2DBA50000E739 /* TGComment.m in Sources */ = {isa = PBXBuildFile; fileRef = E210FEA61AB2DBA50000E739 /* TGComment.m */; };
		E22048001AD8342200A5FACF /* TGSubreddit.m in Sources */ = {isa = PBXBuildFile; fileRef = E22047FF1AD8342200A5FACF /* TGSubreddit.m */; };
		E22048031AD85DA200A5FACF /* TGMoreComments.m in Sources */ = {isa = PBXBuildFile; fileRef = E22048021AD85DA200A5FACF /* TGMoreComments.m */; };
		E24514611AA6448500B80D2E /* main.m in Sources */ = {isa = PBXBuildFile; fileRef = E24514601AA6448500B80D2E /* main.m */; };
		E24514641AA6448500B80D2E /* AppDelegate.m in Sources */ = {isa = PBXBuildFile; fileRef = E24514631AA6448500B80D2E /* AppDelegate.m */; };
		E24514671AA6448500B80D2E /* FrontPageViewController.m in Sources */ = {isa = PBXBuildFile; fileRef = E24514661AA6448500B80D2E /* FrontPageViewController.m */; };
		E245146A1AA6448500B80D2E /* TGSubredditListViewController.m in Sources */ = {isa = PBXBuildFile; fileRef = E24514691AA6448500B80D2E /* TGSubredditListViewController.m */; };
		E245146D1AA6448500B80D2E /* Main.storyboard in Resources */ = {isa = PBXBuildFile; fileRef = E245146B1AA6448500B80D2E /* Main.storyboard */; };
		E245146F1AA6448500B80D2E /* Images.xcassets in Resources */ = {isa = PBXBuildFile; fileRef = E245146E1AA6448500B80D2E /* Images.xcassets */; };
		E24514721AA6448500B80D2E /* LaunchScreen.xib in Resources */ = {isa = PBXBuildFile; fileRef = E24514701AA6448500B80D2E /* LaunchScreen.xib */; };
		E245147E1AA6448500B80D2E /* redditPadTests.m in Sources */ = {isa = PBXBuildFile; fileRef = E245147D1AA6448500B80D2E /* redditPadTests.m */; };
		E24514881AA64C1200B80D2E /* TGRedditClient.m in Sources */ = {isa = PBXBuildFile; fileRef = E24514871AA64C1200B80D2E /* TGRedditClient.m */; };
		E24CDCD41ADAE8800018907F /* TGSearchViewController.m in Sources */ = {isa = PBXBuildFile; fileRef = E24CDCD31ADAE8800018907F /* TGSearchViewController.m */; };
		E288CBA11AD2EABB0059855E /* NSDate+RelativeDateString.m in Sources */ = {isa = PBXBuildFile; fileRef = E288CBA01AD2EABB0059855E /* NSDate+RelativeDateString.m */; };
		E288CBD61AD50C070059855E /* TGVotable.m in Sources */ = {isa = PBXBuildFile; fileRef = E288CBD51AD50C070059855E /* TGVotable.m */; };
		E288CBD91AD50CF30059855E /* TGThing.m in Sources */ = {isa = PBXBuildFile; fileRef = E288CBD81AD50CF30059855E /* TGThing.m */; };
		E288CBDC1AD50D110059855E /* TGCreated.m in Sources */ = {isa = PBXBuildFile; fileRef = E288CBDB1AD50D110059855E /* TGCreated.m */; };
		E28BB7ED1AAFA305005E47B8 /* TGLink.m in Sources */ = {isa = PBXBuildFile; fileRef = E28BB7EC1AAFA305005E47B8 /* TGLink.m */; };
		E28BB7F01AAFB0B7005E47B8 /* TGListingTableViewCell.m in Sources */ = {isa = PBXBuildFile; fileRef = E28BB7EF1AAFB0B7005E47B8 /* TGListingTableViewCell.m */; };
		E28BB7F31AB0D98C005E47B8 /* TGWebViewController.m in Sources */ = {isa = PBXBuildFile; fileRef = E28BB7F21AB0D98C005E47B8 /* TGWebViewController.m */; };
		E28BB7F61AB17ED2005E47B8 /* TGLoginViewController.m in Sources */ = {isa = PBXBuildFile; fileRef = E28BB7F51AB17ED2005E47B8 /* TGLoginViewController.m */; };
		E2A5128A1AC0D42C0007A842 /* TGPostViewController.m in Sources */ = {isa = PBXBuildFile; fileRef = E2A512891AC0D42C0007A842 /* TGPostViewController.m */; };
		E2A5128E1AC354D50007A842 /* TGLinkPostCell.m in Sources */ = {isa = PBXBuildFile; fileRef = E2A5128D1AC354D50007A842 /* TGLinkPostCell.m */; };
		E2A512971AC4AC990007A842 /* ThemeManager.m in Sources */ = {isa = PBXBuildFile; fileRef = E2A512961AC4AC990007A842 /* ThemeManager.m */; };
		E2A512991AC4B4F10007A842 /* darkTheme.plist in Resources */ = {isa = PBXBuildFile; fileRef = E2A512981AC4B4F10007A842 /* darkTheme.plist */; };
		E2A5129C1AC4B6030007A842 /* UIColor+HexColors.m in Sources */ = {isa = PBXBuildFile; fileRef = E2A5129B1AC4B6030007A842 /* UIColor+HexColors.m */; };
		E2A5129E1AC564BF0007A842 /* lightTheme.plist in Resources */ = {isa = PBXBuildFile; fileRef = E2A5129D1AC564BF0007A842 /* lightTheme.plist */; };
		E2BDB76F1AE7779200FEB59C /* TGPagination.m in Sources */ = {isa = PBXBuildFile; fileRef = E2BDB76E1AE7779200FEB59C /* TGPagination.m */; };
		E2BDB7751AE8CF2000FEB59C /* TGSubredditInfoCell.m in Sources */ = {isa = PBXBuildFile; fileRef = E2BDB7741AE8CF2000FEB59C /* TGSubredditInfoCell.m */; };
		E2BDB7781AE8CF3200FEB59C /* TGSubredditSidebarCell.m in Sources */ = {isa = PBXBuildFile; fileRef = E2BDB7771AE8CF3200FEB59C /* TGSubredditSidebarCell.m */; };
		E2BDB77B1AE8D13400FEB59C /* TGSubredditInfoViewController.m in Sources */ = {isa = PBXBuildFile; fileRef = E2BDB77A1AE8D13400FEB59C /* TGSubredditInfoViewController.m */; };
		E2DE9BFF1AF932A000BACD5E /* TGFormPresentationController.m in Sources */ = {isa = PBXBuildFile; fileRef = E2DE9BFE1AF932A000BACD5E /* TGFormPresentationController.m */; };
		E2DE9C021AF942B100BACD5E /* TGFormAnimationController.m in Sources */ = {isa = PBXBuildFile; fileRef = E2DE9C011AF942B100BACD5E /* TGFormAnimationController.m */; };
		E2FBF7231AC5A7D00031C957 /* TGImageViewController.m in Sources */ = {isa = PBXBuildFile; fileRef = E2FBF7221AC5A7D00031C957 /* TGImageViewController.m */; };
		F01739A4B8845F47B0205BA2 /* libPods.a in Frameworks */ = {isa = PBXBuildFile; fileRef = F306A862EA62B98203377AA7 /* libPods.a */; };
/* End PBXBuildFile section */

/* Begin PBXContainerItemProxy section */
		E24514781AA6448500B80D2E /* PBXContainerItemProxy */ = {
			isa = PBXContainerItemProxy;
			containerPortal = E24514531AA6448400B80D2E /* Project object */;
			proxyType = 1;
			remoteGlobalIDString = E245145A1AA6448400B80D2E;
			remoteInfo = Bluit;
		};
/* End PBXContainerItemProxy section */

/* Begin PBXFileReference section */
		836F63B2190BA5E760A4B1E6 /* Pods.release.xcconfig */ = {isa = PBXFileReference; includeInIndex = 1; lastKnownFileType = text.xcconfig; name = Pods.release.xcconfig; path = "Pods/Target Support Files/Pods/Pods.release.xcconfig"; sourceTree = "<group>"; };
		AEE5257E68B4E4BFA4A6ED8A /* Pods.debug.xcconfig */ = {isa = PBXFileReference; includeInIndex = 1; lastKnownFileType = text.xcconfig; name = Pods.debug.xcconfig; path = "Pods/Target Support Files/Pods/Pods.debug.xcconfig"; sourceTree = "<group>"; };
		E210FE9F1AB2DA240000E739 /* TGCommentTableViewCell.h */ = {isa = PBXFileReference; fileEncoding = 4; lastKnownFileType = sourcecode.c.h; name = TGCommentTableViewCell.h; path = Views/TGCommentTableViewCell.h; sourceTree = "<group>"; };
		E210FEA01AB2DA240000E739 /* TGCommentTableViewCell.m */ = {isa = PBXFileReference; fileEncoding = 4; lastKnownFileType = sourcecode.c.objc; name = TGCommentTableViewCell.m; path = Views/TGCommentTableViewCell.m; sourceTree = "<group>"; };
		E210FEA51AB2DBA50000E739 /* TGComment.h */ = {isa = PBXFileReference; fileEncoding = 4; lastKnownFileType = sourcecode.c.h; name = TGComment.h; path = Model/TGComment.h; sourceTree = "<group>"; };
		E210FEA61AB2DBA50000E739 /* TGComment.m */ = {isa = PBXFileReference; fileEncoding = 4; lastKnownFileType = sourcecode.c.objc; name = TGComment.m; path = Model/TGComment.m; sourceTree = "<group>"; };
		E22047FE1AD8342200A5FACF /* TGSubreddit.h */ = {isa = PBXFileReference; fileEncoding = 4; lastKnownFileType = sourcecode.c.h; name = TGSubreddit.h; path = Model/TGSubreddit.h; sourceTree = "<group>"; };
		E22047FF1AD8342200A5FACF /* TGSubreddit.m */ = {isa = PBXFileReference; fileEncoding = 4; lastKnownFileType = sourcecode.c.objc; name = TGSubreddit.m; path = Model/TGSubreddit.m; sourceTree = "<group>"; };
		E22048011AD85DA200A5FACF /* TGMoreComments.h */ = {isa = PBXFileReference; fileEncoding = 4; lastKnownFileType = sourcecode.c.h; name = TGMoreComments.h; path = Model/TGMoreComments.h; sourceTree = "<group>"; };
		E22048021AD85DA200A5FACF /* TGMoreComments.m */ = {isa = PBXFileReference; fileEncoding = 4; lastKnownFileType = sourcecode.c.objc; name = TGMoreComments.m; path = Model/TGMoreComments.m; sourceTree = "<group>"; };
		E245145B1AA6448400B80D2E /* redditPad.app */ = {isa = PBXFileReference; explicitFileType = wrapper.application; includeInIndex = 0; path = redditPad.app; sourceTree = BUILT_PRODUCTS_DIR; };
		E245145F1AA6448500B80D2E /* Info.plist */ = {isa = PBXFileReference; lastKnownFileType = text.plist.xml; path = Info.plist; sourceTree = "<group>"; };
		E24514601AA6448500B80D2E /* main.m */ = {isa = PBXFileReference; lastKnownFileType = sourcecode.c.objc; path = main.m; sourceTree = "<group>"; };
		E24514621AA6448500B80D2E /* AppDelegate.h */ = {isa = PBXFileReference; lastKnownFileType = sourcecode.c.h; path = AppDelegate.h; sourceTree = "<group>"; };
		E24514631AA6448500B80D2E /* AppDelegate.m */ = {isa = PBXFileReference; lastKnownFileType = sourcecode.c.objc; path = AppDelegate.m; sourceTree = "<group>"; };
		E24514651AA6448500B80D2E /* FrontPageViewController.h */ = {isa = PBXFileReference; lastKnownFileType = sourcecode.c.h; path = FrontPageViewController.h; sourceTree = "<group>"; };
		E24514661AA6448500B80D2E /* FrontPageViewController.m */ = {isa = PBXFileReference; lastKnownFileType = sourcecode.c.objc; path = FrontPageViewController.m; sourceTree = "<group>"; };
		E24514681AA6448500B80D2E /* TGSubredditListViewController.h */ = {isa = PBXFileReference; lastKnownFileType = sourcecode.c.h; path = TGSubredditListViewController.h; sourceTree = "<group>"; };
		E24514691AA6448500B80D2E /* TGSubredditListViewController.m */ = {isa = PBXFileReference; lastKnownFileType = sourcecode.c.objc; path = TGSubredditListViewController.m; sourceTree = "<group>"; };
		E245146C1AA6448500B80D2E /* Base */ = {isa = PBXFileReference; lastKnownFileType = file.storyboard; name = Base; path = Base.lproj/Main.storyboard; sourceTree = "<group>"; };
		E245146E1AA6448500B80D2E /* Images.xcassets */ = {isa = PBXFileReference; lastKnownFileType = folder.assetcatalog; path = Images.xcassets; sourceTree = "<group>"; };
		E24514711AA6448500B80D2E /* Base */ = {isa = PBXFileReference; lastKnownFileType = file.xib; name = Base; path = Base.lproj/LaunchScreen.xib; sourceTree = "<group>"; };
		E24514771AA6448500B80D2E /* redditPadTests.xctest */ = {isa = PBXFileReference; explicitFileType = wrapper.cfbundle; includeInIndex = 0; path = redditPadTests.xctest; sourceTree = BUILT_PRODUCTS_DIR; };
		E245147C1AA6448500B80D2E /* Info.plist */ = {isa = PBXFileReference; lastKnownFileType = text.plist.xml; path = Info.plist; sourceTree = "<group>"; };
		E245147D1AA6448500B80D2E /* redditPadTests.m */ = {isa = PBXFileReference; lastKnownFileType = sourcecode.c.objc; path = redditPadTests.m; sourceTree = "<group>"; };
		E24514871AA64C1200B80D2E /* TGRedditClient.m */ = {isa = PBXFileReference; fileEncoding = 4; lastKnownFileType = sourcecode.c.objc; name = TGRedditClient.m; path = API/TGRedditClient.m; sourceTree = "<group>"; };
		E24CDCD21ADAE8800018907F /* TGSearchViewController.h */ = {isa = PBXFileReference; fileEncoding = 4; lastKnownFileType = sourcecode.c.h; name = TGSearchViewController.h; path = Views/TGSearchViewController.h; sourceTree = "<group>"; };
		E24CDCD31ADAE8800018907F /* TGSearchViewController.m */ = {isa = PBXFileReference; fileEncoding = 4; lastKnownFileType = sourcecode.c.objc; name = TGSearchViewController.m; path = Views/TGSearchViewController.m; sourceTree = "<group>"; };
		E25C5E5D1AA6541100690896 /* TGRedditClient.h */ = {isa = PBXFileReference; lastKnownFileType = sourcecode.c.h; name = TGRedditClient.h; path = API/TGRedditClient.h; sourceTree = "<group>"; };
		E288CB9F1AD2EABB0059855E /* NSDate+RelativeDateString.h */ = {isa = PBXFileReference; fileEncoding = 4; lastKnownFileType = sourcecode.c.h; path = "NSDate+RelativeDateString.h"; sourceTree = "<group>"; };
		E288CBA01AD2EABB0059855E /* NSDate+RelativeDateString.m */ = {isa = PBXFileReference; fileEncoding = 4; lastKnownFileType = sourcecode.c.objc; path = "NSDate+RelativeDateString.m"; sourceTree = "<group>"; };
		E288CBD41AD50C070059855E /* TGVotable.h */ = {isa = PBXFileReference; fileEncoding = 4; lastKnownFileType = sourcecode.c.h; name = TGVotable.h; path = Model/TGVotable.h; sourceTree = "<group>"; };
		E288CBD51AD50C070059855E /* TGVotable.m */ = {isa = PBXFileReference; fileEncoding = 4; lastKnownFileType = sourcecode.c.objc; name = TGVotable.m; path = Model/TGVotable.m; sourceTree = "<group>"; };
		E288CBD71AD50CF30059855E /* TGThing.h */ = {isa = PBXFileReference; fileEncoding = 4; lastKnownFileType = sourcecode.c.h; name = TGThing.h; path = Model/TGThing.h; sourceTree = "<group>"; };
		E288CBD81AD50CF30059855E /* TGThing.m */ = {isa = PBXFileReference; fileEncoding = 4; lastKnownFileType = sourcecode.c.objc; name = TGThing.m; path = Model/TGThing.m; sourceTree = "<group>"; };
		E288CBDA1AD50D110059855E /* TGCreated.h */ = {isa = PBXFileReference; fileEncoding = 4; lastKnownFileType = sourcecode.c.h; name = TGCreated.h; path = Model/TGCreated.h; sourceTree = "<group>"; };
		E288CBDB1AD50D110059855E /* TGCreated.m */ = {isa = PBXFileReference; fileEncoding = 4; lastKnownFileType = sourcecode.c.objc; name = TGCreated.m; path = Model/TGCreated.m; sourceTree = "<group>"; };
		E28BB7EB1AAFA305005E47B8 /* TGLink.h */ = {isa = PBXFileReference; fileEncoding = 4; lastKnownFileType = sourcecode.c.h; name = TGLink.h; path = Model/TGLink.h; sourceTree = "<group>"; };
		E28BB7EC1AAFA305005E47B8 /* TGLink.m */ = {isa = PBXFileReference; fileEncoding = 4; lastKnownFileType = sourcecode.c.objc; name = TGLink.m; path = Model/TGLink.m; sourceTree = "<group>"; };
		E28BB7EE1AAFB0B7005E47B8 /* TGListingTableViewCell.h */ = {isa = PBXFileReference; fileEncoding = 4; lastKnownFileType = sourcecode.c.h; name = TGListingTableViewCell.h; path = Views/TGListingTableViewCell.h; sourceTree = "<group>"; };
		E28BB7EF1AAFB0B7005E47B8 /* TGListingTableViewCell.m */ = {isa = PBXFileReference; fileEncoding = 4; lastKnownFileType = sourcecode.c.objc; name = TGListingTableViewCell.m; path = Views/TGListingTableViewCell.m; sourceTree = "<group>"; };
		E28BB7F11AB0D98C005E47B8 /* TGWebViewController.h */ = {isa = PBXFileReference; fileEncoding = 4; lastKnownFileType = sourcecode.c.h; name = TGWebViewController.h; path = Views/TGWebViewController.h; sourceTree = "<group>"; };
		E28BB7F21AB0D98C005E47B8 /* TGWebViewController.m */ = {isa = PBXFileReference; fileEncoding = 4; lastKnownFileType = sourcecode.c.objc; name = TGWebViewController.m; path = Views/TGWebViewController.m; sourceTree = "<group>"; };
		E28BB7F41AB17ED2005E47B8 /* TGLoginViewController.h */ = {isa = PBXFileReference; fileEncoding = 4; lastKnownFileType = sourcecode.c.h; name = TGLoginViewController.h; path = Views/TGLoginViewController.h; sourceTree = "<group>"; };
		E28BB7F51AB17ED2005E47B8 /* TGLoginViewController.m */ = {isa = PBXFileReference; fileEncoding = 4; lastKnownFileType = sourcecode.c.objc; name = TGLoginViewController.m; path = Views/TGLoginViewController.m; sourceTree = "<group>"; };
		E2A512881AC0D42C0007A842 /* TGPostViewController.h */ = {isa = PBXFileReference; fileEncoding = 4; lastKnownFileType = sourcecode.c.h; name = TGPostViewController.h; path = Views/TGPostViewController.h; sourceTree = "<group>"; };
		E2A512891AC0D42C0007A842 /* TGPostViewController.m */ = {isa = PBXFileReference; fileEncoding = 4; lastKnownFileType = sourcecode.c.objc; name = TGPostViewController.m; path = Views/TGPostViewController.m; sourceTree = "<group>"; };
		E2A5128C1AC354D50007A842 /* TGLinkPostCell.h */ = {isa = PBXFileReference; fileEncoding = 4; lastKnownFileType = sourcecode.c.h; name = TGLinkPostCell.h; path = Views/TGLinkPostCell.h; sourceTree = "<group>"; };
		E2A5128D1AC354D50007A842 /* TGLinkPostCell.m */ = {isa = PBXFileReference; fileEncoding = 4; lastKnownFileType = sourcecode.c.objc; name = TGLinkPostCell.m; path = Views/TGLinkPostCell.m; sourceTree = "<group>"; };
		E2A512951AC4AC990007A842 /* ThemeManager.h */ = {isa = PBXFileReference; fileEncoding = 4; lastKnownFileType = sourcecode.c.h; path = ThemeManager.h; sourceTree = "<group>"; };
		E2A512961AC4AC990007A842 /* ThemeManager.m */ = {isa = PBXFileReference; fileEncoding = 4; lastKnownFileType = sourcecode.c.objc; path = ThemeManager.m; sourceTree = "<group>"; };
		E2A512981AC4B4F10007A842 /* darkTheme.plist */ = {isa = PBXFileReference; fileEncoding = 4; lastKnownFileType = text.plist.xml; path = darkTheme.plist; sourceTree = "<group>"; };
		E2A5129A1AC4B6030007A842 /* UIColor+HexColors.h */ = {isa = PBXFileReference; fileEncoding = 4; lastKnownFileType = sourcecode.c.h; path = "UIColor+HexColors.h"; sourceTree = "<group>"; };
		E2A5129B1AC4B6030007A842 /* UIColor+HexColors.m */ = {isa = PBXFileReference; fileEncoding = 4; lastKnownFileType = sourcecode.c.objc; path = "UIColor+HexColors.m"; sourceTree = "<group>"; };
		E2A5129D1AC564BF0007A842 /* lightTheme.plist */ = {isa = PBXFileReference; fileEncoding = 4; lastKnownFileType = text.plist.xml; path = lightTheme.plist; sourceTree = "<group>"; };
		E2BDB76D1AE7779200FEB59C /* TGPagination.h */ = {isa = PBXFileReference; fileEncoding = 4; lastKnownFileType = sourcecode.c.h; path = TGPagination.h; sourceTree = "<group>"; };
		E2BDB76E1AE7779200FEB59C /* TGPagination.m */ = {isa = PBXFileReference; fileEncoding = 4; lastKnownFileType = sourcecode.c.objc; path = TGPagination.m; sourceTree = "<group>"; };
		E2BDB7731AE8CF2000FEB59C /* TGSubredditInfoCell.h */ = {isa = PBXFileReference; fileEncoding = 4; lastKnownFileType = sourcecode.c.h; name = TGSubredditInfoCell.h; path = Views/TGSubredditInfoCell.h; sourceTree = "<group>"; };
		E2BDB7741AE8CF2000FEB59C /* TGSubredditInfoCell.m */ = {isa = PBXFileReference; fileEncoding = 4; lastKnownFileType = sourcecode.c.objc; name = TGSubredditInfoCell.m; path = Views/TGSubredditInfoCell.m; sourceTree = "<group>"; };
		E2BDB7761AE8CF3200FEB59C /* TGSubredditSidebarCell.h */ = {isa = PBXFileReference; fileEncoding = 4; lastKnownFileType = sourcecode.c.h; name = TGSubredditSidebarCell.h; path = Views/TGSubredditSidebarCell.h; sourceTree = "<group>"; };
		E2BDB7771AE8CF3200FEB59C /* TGSubredditSidebarCell.m */ = {isa = PBXFileReference; fileEncoding = 4; lastKnownFileType = sourcecode.c.objc; name = TGSubredditSidebarCell.m; path = Views/TGSubredditSidebarCell.m; sourceTree = "<group>"; };
		E2BDB7791AE8D13400FEB59C /* TGSubredditInfoViewController.h */ = {isa = PBXFileReference; fileEncoding = 4; lastKnownFileType = sourcecode.c.h; path = TGSubredditInfoViewController.h; sourceTree = "<group>"; };
		E2BDB77A1AE8D13400FEB59C /* TGSubredditInfoViewController.m */ = {isa = PBXFileReference; fileEncoding = 4; lastKnownFileType = sourcecode.c.objc; path = TGSubredditInfoViewController.m; sourceTree = "<group>"; usesTabs = 1; };
		E2DE9BFD1AF932A000BACD5E /* TGFormPresentationController.h */ = {isa = PBXFileReference; fileEncoding = 4; lastKnownFileType = sourcecode.c.h; path = TGFormPresentationController.h; sourceTree = "<group>"; };
		E2DE9BFE1AF932A000BACD5E /* TGFormPresentationController.m */ = {isa = PBXFileReference; fileEncoding = 4; lastKnownFileType = sourcecode.c.objc; path = TGFormPresentationController.m; sourceTree = "<group>"; };
		E2DE9C001AF942B100BACD5E /* TGFormAnimationController.h */ = {isa = PBXFileReference; fileEncoding = 4; lastKnownFileType = sourcecode.c.h; path = TGFormAnimationController.h; sourceTree = "<group>"; };
		E2DE9C011AF942B100BACD5E /* TGFormAnimationController.m */ = {isa = PBXFileReference; fileEncoding = 4; lastKnownFileType = sourcecode.c.objc; path = TGFormAnimationController.m; sourceTree = "<group>"; };
		E2FBF7211AC5A7D00031C957 /* TGImageViewController.h */ = {isa = PBXFileReference; fileEncoding = 4; lastKnownFileType = sourcecode.c.h; path = TGImageViewController.h; sourceTree = "<group>"; };
		E2FBF7221AC5A7D00031C957 /* TGImageViewController.m */ = {isa = PBXFileReference; fileEncoding = 4; lastKnownFileType = sourcecode.c.objc; path = TGImageViewController.m; sourceTree = "<group>"; };
		F306A862EA62B98203377AA7 /* libPods.a */ = {isa = PBXFileReference; explicitFileType = archive.ar; includeInIndex = 0; path = libPods.a; sourceTree = BUILT_PRODUCTS_DIR; };
/* End PBXFileReference section */

/* Begin PBXFrameworksBuildPhase section */
		E24514581AA6448400B80D2E /* Frameworks */ = {
			isa = PBXFrameworksBuildPhase;
			buildActionMask = 2147483647;
			files = (
				F01739A4B8845F47B0205BA2 /* libPods.a in Frameworks */,
			);
			runOnlyForDeploymentPostprocessing = 0;
		};
		E24514741AA6448500B80D2E /* Frameworks */ = {
			isa = PBXFrameworksBuildPhase;
			buildActionMask = 2147483647;
			files = (
			);
			runOnlyForDeploymentPostprocessing = 0;
		};
/* End PBXFrameworksBuildPhase section */

/* Begin PBXGroup section */
		8DD74F8CC3FB44C05E1A65CD /* Pods */ = {
			isa = PBXGroup;
			children = (
				AEE5257E68B4E4BFA4A6ED8A /* Pods.debug.xcconfig */,
				836F63B2190BA5E760A4B1E6 /* Pods.release.xcconfig */,
			);
			name = Pods;
			sourceTree = "<group>";
		};
		90C5C008D754CB873F8E3271 /* Frameworks */ = {
			isa = PBXGroup;
			children = (
				F306A862EA62B98203377AA7 /* libPods.a */,
			);
			name = Frameworks;
			sourceTree = "<group>";
		};
		E24514521AA6448400B80D2E = {
			isa = PBXGroup;
			children = (
				E245145D1AA6448400B80D2E /* redditPad */,
				E245147A1AA6448500B80D2E /* redditPadTests */,
				E245145C1AA6448400B80D2E /* Products */,
				8DD74F8CC3FB44C05E1A65CD /* Pods */,
				90C5C008D754CB873F8E3271 /* Frameworks */,
			);
			sourceTree = "<group>";
		};
		E245145C1AA6448400B80D2E /* Products */ = {
			isa = PBXGroup;
			children = (
				E245145B1AA6448400B80D2E /* redditPad.app */,
				E24514771AA6448500B80D2E /* redditPadTests.xctest */,
			);
			name = Products;
			sourceTree = "<group>";
		};
		E245145D1AA6448400B80D2E /* redditPad */ = {
			isa = PBXGroup;
			children = (
				E2A512941AC4AC850007A842 /* Helpers */,
				E25C5E5C1AA653CA00690896 /* API */,
				E2A5128B1AC202F60007A842 /* Controllers */,
				E28BB7E91AAFA2A8005E47B8 /* Model */,
				E28BB7EA1AAFA2B4005E47B8 /* Views */,
				E245145E1AA6448500B80D2E /* Supporting Files */,
			);
			name = redditPad;
			path = Bluit;
			sourceTree = "<group>";
		};
		E245145E1AA6448500B80D2E /* Supporting Files */ = {
			isa = PBXGroup;
			children = (
				E24514621AA6448500B80D2E /* AppDelegate.h */,
				E24514631AA6448500B80D2E /* AppDelegate.m */,
				E245145F1AA6448500B80D2E /* Info.plist */,
				E24514601AA6448500B80D2E /* main.m */,
				E2A512981AC4B4F10007A842 /* darkTheme.plist */,
				E2A5129D1AC564BF0007A842 /* lightTheme.plist */,
			);
			name = "Supporting Files";
			sourceTree = "<group>";
		};
		E245147A1AA6448500B80D2E /* redditPadTests */ = {
			isa = PBXGroup;
			children = (
				E245147D1AA6448500B80D2E /* redditPadTests.m */,
				E245147B1AA6448500B80D2E /* Supporting Files */,
			);
			name = redditPadTests;
			path = BluitTests;
			sourceTree = "<group>";
		};
		E245147B1AA6448500B80D2E /* Supporting Files */ = {
			isa = PBXGroup;
			children = (
				E245147C1AA6448500B80D2E /* Info.plist */,
			);
			name = "Supporting Files";
			sourceTree = "<group>";
		};
		E25C5E5C1AA653CA00690896 /* API */ = {
			isa = PBXGroup;
			children = (
				E25C5E5D1AA6541100690896 /* TGRedditClient.h */,
				E24514871AA64C1200B80D2E /* TGRedditClient.m */,
			);
			name = API;
			sourceTree = "<group>";
		};
		E28BB7E91AAFA2A8005E47B8 /* Model */ = {
			isa = PBXGroup;
			children = (
				E28BB7EB1AAFA305005E47B8 /* TGLink.h */,
				E28BB7EC1AAFA305005E47B8 /* TGLink.m */,
				E210FEA51AB2DBA50000E739 /* TGComment.h */,
				E210FEA61AB2DBA50000E739 /* TGComment.m */,
				E288CBD41AD50C070059855E /* TGVotable.h */,
				E288CBD51AD50C070059855E /* TGVotable.m */,
				E288CBD71AD50CF30059855E /* TGThing.h */,
				E288CBD81AD50CF30059855E /* TGThing.m */,
				E288CBDA1AD50D110059855E /* TGCreated.h */,
				E288CBDB1AD50D110059855E /* TGCreated.m */,
				E22047FE1AD8342200A5FACF /* TGSubreddit.h */,
				E22047FF1AD8342200A5FACF /* TGSubreddit.m */,
				E22048011AD85DA200A5FACF /* TGMoreComments.h */,
				E22048021AD85DA200A5FACF /* TGMoreComments.m */,
				E2BDB76D1AE7779200FEB59C /* TGPagination.h */,
				E2BDB76E1AE7779200FEB59C /* TGPagination.m */,
			);
			name = Model;
			sourceTree = "<group>";
		};
		E28BB7EA1AAFA2B4005E47B8 /* Views */ = {
			isa = PBXGroup;
			children = (
				E245146B1AA6448500B80D2E /* Main.storyboard */,
				E24514701AA6448500B80D2E /* LaunchScreen.xib */,
				E245146E1AA6448500B80D2E /* Images.xcassets */,
				E28BB7EE1AAFB0B7005E47B8 /* TGListingTableViewCell.h */,
				E28BB7EF1AAFB0B7005E47B8 /* TGListingTableViewCell.m */,
				E2A5128C1AC354D50007A842 /* TGLinkPostCell.h */,
				E2A5128D1AC354D50007A842 /* TGLinkPostCell.m */,
				E210FE9F1AB2DA240000E739 /* TGCommentTableViewCell.h */,
				E210FEA01AB2DA240000E739 /* TGCommentTableViewCell.m */,
				E2BDB7731AE8CF2000FEB59C /* TGSubredditInfoCell.h */,
				E2BDB7741AE8CF2000FEB59C /* TGSubredditInfoCell.m */,
				E2BDB7761AE8CF3200FEB59C /* TGSubredditSidebarCell.h */,
				E2BDB7771AE8CF3200FEB59C /* TGSubredditSidebarCell.m */,
			);
			name = Views;
			sourceTree = "<group>";
		};
		E2A5128B1AC202F60007A842 /* Controllers */ = {
			isa = PBXGroup;
			children = (
				E24514651AA6448500B80D2E /* FrontPageViewController.h */,
				E24514661AA6448500B80D2E /* FrontPageViewController.m */,
				E24514681AA6448500B80D2E /* TGSubredditListViewController.h */,
				E24514691AA6448500B80D2E /* TGSubredditListViewController.m */,
				E28BB7F41AB17ED2005E47B8 /* TGLoginViewController.h */,
				E28BB7F51AB17ED2005E47B8 /* TGLoginViewController.m */,
				E2A512881AC0D42C0007A842 /* TGPostViewController.h */,
				E2A512891AC0D42C0007A842 /* TGPostViewController.m */,
				E28BB7F11AB0D98C005E47B8 /* TGWebViewController.h */,
				E28BB7F21AB0D98C005E47B8 /* TGWebViewController.m */,
				E2FBF7211AC5A7D00031C957 /* TGImageViewController.h */,
				E2FBF7221AC5A7D00031C957 /* TGImageViewController.m */,
				E24CDCD21ADAE8800018907F /* TGSearchViewController.h */,
				E24CDCD31ADAE8800018907F /* TGSearchViewController.m */,
				E2BDB7791AE8D13400FEB59C /* TGSubredditInfoViewController.h */,
				E2BDB77A1AE8D13400FEB59C /* TGSubredditInfoViewController.m */,
				E2DE9BFD1AF932A000BACD5E /* TGFormPresentationController.h */,
				E2DE9BFE1AF932A000BACD5E /* TGFormPresentationController.m */,
				E2DE9C001AF942B100BACD5E /* TGFormAnimationController.h */,
				E2DE9C011AF942B100BACD5E /* TGFormAnimationController.m */,
			);
			name = Controllers;
			sourceTree = "<group>";
		};
		E2A512941AC4AC850007A842 /* Helpers */ = {
			isa = PBXGroup;
			children = (
				E2A512951AC4AC990007A842 /* ThemeManager.h */,
				E2A512961AC4AC990007A842 /* ThemeManager.m */,
				E2A5129A1AC4B6030007A842 /* UIColor+HexColors.h */,
				E2A5129B1AC4B6030007A842 /* UIColor+HexColors.m */,
				E288CB9F1AD2EABB0059855E /* NSDate+RelativeDateString.h */,
				E288CBA01AD2EABB0059855E /* NSDate+RelativeDateString.m */,
			);
			name = Helpers;
			sourceTree = "<group>";
		};
/* End PBXGroup section */

/* Begin PBXNativeTarget section */
		E245145A1AA6448400B80D2E /* redditPad */ = {
			isa = PBXNativeTarget;
			buildConfigurationList = E24514811AA6448500B80D2E /* Build configuration list for PBXNativeTarget "redditPad" */;
			buildPhases = (
				2CCDB9C39A78B47EEFD24C9A /* Check Pods Manifest.lock */,
				E24514571AA6448400B80D2E /* Sources */,
				E24514581AA6448400B80D2E /* Frameworks */,
				E24514591AA6448400B80D2E /* Resources */,
				B35B41B063B3928EB4DF56F8 /* Copy Pods Resources */,
			);
			buildRules = (
			);
			dependencies = (
			);
			name = redditPad;
			productName = Bluit;
			productReference = E245145B1AA6448400B80D2E /* redditPad.app */;
			productType = "com.apple.product-type.application";
		};
		E24514761AA6448500B80D2E /* redditPadTests */ = {
			isa = PBXNativeTarget;
			buildConfigurationList = E24514841AA6448500B80D2E /* Build configuration list for PBXNativeTarget "redditPadTests" */;
			buildPhases = (
				E24514731AA6448500B80D2E /* Sources */,
				E24514741AA6448500B80D2E /* Frameworks */,
				E24514751AA6448500B80D2E /* Resources */,
			);
			buildRules = (
			);
			dependencies = (
				E24514791AA6448500B80D2E /* PBXTargetDependency */,
			);
			name = redditPadTests;
			productName = BluitTests;
			productReference = E24514771AA6448500B80D2E /* redditPadTests.xctest */;
			productType = "com.apple.product-type.bundle.unit-test";
		};
/* End PBXNativeTarget section */

/* Begin PBXProject section */
		E24514531AA6448400B80D2E /* Project object */ = {
			isa = PBXProject;
			attributes = {
				LastUpgradeCheck = 0610;
				ORGANIZATIONNAME = "Tom Graham";
				TargetAttributes = {
					E245145A1AA6448400B80D2E = {
						CreatedOnToolsVersion = 6.1.1;
						DevelopmentTeam = FLP2N9828B;
					};
					E24514761AA6448500B80D2E = {
						CreatedOnToolsVersion = 6.1.1;
						TestTargetID = E245145A1AA6448400B80D2E;
					};
				};
			};
			buildConfigurationList = E24514561AA6448400B80D2E /* Build configuration list for PBXProject "redditPad" */;
			compatibilityVersion = "Xcode 3.2";
			developmentRegion = English;
			hasScannedForEncodings = 0;
			knownRegions = (
				en,
				Base,
			);
			mainGroup = E24514521AA6448400B80D2E;
			productRefGroup = E245145C1AA6448400B80D2E /* Products */;
			projectDirPath = "";
			projectRoot = "";
			targets = (
				E245145A1AA6448400B80D2E /* redditPad */,
				E24514761AA6448500B80D2E /* redditPadTests */,
			);
		};
/* End PBXProject section */

/* Begin PBXResourcesBuildPhase section */
		E24514591AA6448400B80D2E /* Resources */ = {
			isa = PBXResourcesBuildPhase;
			buildActionMask = 2147483647;
			files = (
				E2A5129E1AC564BF0007A842 /* lightTheme.plist in Resources */,
				E245146D1AA6448500B80D2E /* Main.storyboard in Resources */,
				E24514721AA6448500B80D2E /* LaunchScreen.xib in Resources */,
				E2A512991AC4B4F10007A842 /* darkTheme.plist in Resources */,
				E245146F1AA6448500B80D2E /* Images.xcassets in Resources */,
			);
			runOnlyForDeploymentPostprocessing = 0;
		};
		E24514751AA6448500B80D2E /* Resources */ = {
			isa = PBXResourcesBuildPhase;
			buildActionMask = 2147483647;
			files = (
			);
			runOnlyForDeploymentPostprocessing = 0;
		};
/* End PBXResourcesBuildPhase section */

/* Begin PBXShellScriptBuildPhase section */
		2CCDB9C39A78B47EEFD24C9A /* Check Pods Manifest.lock */ = {
			isa = PBXShellScriptBuildPhase;
			buildActionMask = 2147483647;
			files = (
			);
			inputPaths = (
			);
			name = "Check Pods Manifest.lock";
			outputPaths = (
			);
			runOnlyForDeploymentPostprocessing = 0;
			shellPath = /bin/sh;
			shellScript = "diff \"${PODS_ROOT}/../Podfile.lock\" \"${PODS_ROOT}/Manifest.lock\" > /dev/null\nif [[ $? != 0 ]] ; then\n    cat << EOM\nerror: The sandbox is not in sync with the Podfile.lock. Run 'pod install' or update your CocoaPods installation.\nEOM\n    exit 1\nfi\n";
			showEnvVarsInLog = 0;
		};
		B35B41B063B3928EB4DF56F8 /* Copy Pods Resources */ = {
			isa = PBXShellScriptBuildPhase;
			buildActionMask = 2147483647;
			files = (
			);
			inputPaths = (
			);
			name = "Copy Pods Resources";
			outputPaths = (
			);
			runOnlyForDeploymentPostprocessing = 0;
			shellPath = /bin/sh;
			shellScript = "\"${SRCROOT}/Pods/Target Support Files/Pods/Pods-resources.sh\"\n";
			showEnvVarsInLog = 0;
		};
/* End PBXShellScriptBuildPhase section */

/* Begin PBXSourcesBuildPhase section */
		E24514571AA6448400B80D2E /* Sources */ = {
			isa = PBXSourcesBuildPhase;
			buildActionMask = 2147483647;
			files = (
				E2DE9BFF1AF932A000BACD5E /* TGFormPresentationController.m in Sources */,
				E2BDB7751AE8CF2000FEB59C /* TGSubredditInfoCell.m in Sources */,
				E28BB7F31AB0D98C005E47B8 /* TGWebViewController.m in Sources */,
				E288CBA11AD2EABB0059855E /* NSDate+RelativeDateString.m in Sources */,
				E2FBF7231AC5A7D00031C957 /* TGImageViewController.m in Sources */,
				E24CDCD41ADAE8800018907F /* TGSearchViewController.m in Sources */,
				E245146A1AA6448500B80D2E /* TGSubredditListViewController.m in Sources */,
				E2A5128E1AC354D50007A842 /* TGLinkPostCell.m in Sources */,
				E28BB7F61AB17ED2005E47B8 /* TGLoginViewController.m in Sources */,
				E210FEA71AB2DBA50000E739 /* TGComment.m in Sources */,
				E2A512971AC4AC990007A842 /* ThemeManager.m in Sources */,
				E2BDB7781AE8CF3200FEB59C /* TGSubredditSidebarCell.m in Sources */,
				E288CBD91AD50CF30059855E /* TGThing.m in Sources */,
				E2BDB76F1AE7779200FEB59C /* TGPagination.m in Sources */,
				E2A5129C1AC4B6030007A842 /* UIColor+HexColors.m in Sources */,
				E2DE9C021AF942B100BACD5E /* TGFormAnimationController.m in Sources */,
				E2BDB77B1AE8D13400FEB59C /* TGSubredditInfoViewController.m in Sources */,
				E288CBD61AD50C070059855E /* TGVotable.m in Sources */,
				E24514641AA6448500B80D2E /* AppDelegate.m in Sources */,
				E288CBDC1AD50D110059855E /* TGCreated.m in Sources */,
				E28BB7ED1AAFA305005E47B8 /* TGLink.m in Sources */,
				E24514881AA64C1200B80D2E /* TGRedditClient.m in Sources */,
				E22048031AD85DA200A5FACF /* TGMoreComments.m in Sources */,
				E28BB7F01AAFB0B7005E47B8 /* TGListingTableViewCell.m in Sources */,
				E2A5128A1AC0D42C0007A842 /* TGPostViewController.m in Sources */,
				E24514671AA6448500B80D2E /* FrontPageViewController.m in Sources */,
				E210FEA11AB2DA240000E739 /* TGCommentTableViewCell.m in Sources */,
				E22048001AD8342200A5FACF /* TGSubreddit.m in Sources */,
				E24514611AA6448500B80D2E /* main.m in Sources */,
			);
			runOnlyForDeploymentPostprocessing = 0;
		};
		E24514731AA6448500B80D2E /* Sources */ = {
			isa = PBXSourcesBuildPhase;
			buildActionMask = 2147483647;
			files = (
				E245147E1AA6448500B80D2E /* redditPadTests.m in Sources */,
			);
			runOnlyForDeploymentPostprocessing = 0;
		};
/* End PBXSourcesBuildPhase section */

/* Begin PBXTargetDependency section */
		E24514791AA6448500B80D2E /* PBXTargetDependency */ = {
			isa = PBXTargetDependency;
			target = E245145A1AA6448400B80D2E /* redditPad */;
			targetProxy = E24514781AA6448500B80D2E /* PBXContainerItemProxy */;
		};
/* End PBXTargetDependency section */

/* Begin PBXVariantGroup section */
		E245146B1AA6448500B80D2E /* Main.storyboard */ = {
			isa = PBXVariantGroup;
			children = (
				E245146C1AA6448500B80D2E /* Base */,
			);
			name = Main.storyboard;
			sourceTree = "<group>";
		};
		E24514701AA6448500B80D2E /* LaunchScreen.xib */ = {
			isa = PBXVariantGroup;
			children = (
				E24514711AA6448500B80D2E /* Base */,
			);
			name = LaunchScreen.xib;
			sourceTree = "<group>";
		};
/* End PBXVariantGroup section */

/* Begin XCBuildConfiguration section */
		E245147F1AA6448500B80D2E /* Debug */ = {
			isa = XCBuildConfiguration;
			buildSettings = {
				ALWAYS_SEARCH_USER_PATHS = NO;
				CLANG_CXX_LANGUAGE_STANDARD = "gnu++0x";
				CLANG_CXX_LIBRARY = "libc++";
				CLANG_ENABLE_MODULES = YES;
				CLANG_ENABLE_OBJC_ARC = YES;
				CLANG_WARN_BOOL_CONVERSION = YES;
				CLANG_WARN_CONSTANT_CONVERSION = YES;
				CLANG_WARN_DIRECT_OBJC_ISA_USAGE = YES_ERROR;
				CLANG_WARN_EMPTY_BODY = YES;
				CLANG_WARN_ENUM_CONVERSION = YES;
				CLANG_WARN_INT_CONVERSION = YES;
				CLANG_WARN_OBJC_ROOT_CLASS = YES_ERROR;
				CLANG_WARN_UNREACHABLE_CODE = YES;
				CLANG_WARN__DUPLICATE_METHOD_MATCH = YES;
				"CODE_SIGN_IDENTITY[sdk=iphoneos*]" = "iPhone Developer";
				COPY_PHASE_STRIP = NO;
				ENABLE_STRICT_OBJC_MSGSEND = YES;
				GCC_C_LANGUAGE_STANDARD = gnu99;
				GCC_DYNAMIC_NO_PIC = NO;
				GCC_OPTIMIZATION_LEVEL = 0;
				GCC_PREPROCESSOR_DEFINITIONS = (
					"DEBUG=1",
					"$(inherited)",
				);
				GCC_SYMBOLS_PRIVATE_EXTERN = NO;
				GCC_WARN_64_TO_32_BIT_CONVERSION = YES;
				GCC_WARN_ABOUT_RETURN_TYPE = YES_ERROR;
				GCC_WARN_UNDECLARED_SELECTOR = YES;
				GCC_WARN_UNINITIALIZED_AUTOS = YES_AGGRESSIVE;
				GCC_WARN_UNUSED_FUNCTION = YES;
				GCC_WARN_UNUSED_VARIABLE = YES;
				IPHONEOS_DEPLOYMENT_TARGET = 8.1;
				MTL_ENABLE_DEBUG_INFO = YES;
				ONLY_ACTIVE_ARCH = YES;
				SDKROOT = iphoneos;
				TARGETED_DEVICE_FAMILY = 2;
			};
			name = Debug;
		};
		E24514801AA6448500B80D2E /* Release */ = {
			isa = XCBuildConfiguration;
			buildSettings = {
				ALWAYS_SEARCH_USER_PATHS = NO;
				CLANG_CXX_LANGUAGE_STANDARD = "gnu++0x";
				CLANG_CXX_LIBRARY = "libc++";
				CLANG_ENABLE_MODULES = YES;
				CLANG_ENABLE_OBJC_ARC = YES;
				CLANG_WARN_BOOL_CONVERSION = YES;
				CLANG_WARN_CONSTANT_CONVERSION = YES;
				CLANG_WARN_DIRECT_OBJC_ISA_USAGE = YES_ERROR;
				CLANG_WARN_EMPTY_BODY = YES;
				CLANG_WARN_ENUM_CONVERSION = YES;
				CLANG_WARN_INT_CONVERSION = YES;
				CLANG_WARN_OBJC_ROOT_CLASS = YES_ERROR;
				CLANG_WARN_UNREACHABLE_CODE = YES;
				CLANG_WARN__DUPLICATE_METHOD_MATCH = YES;
				"CODE_SIGN_IDENTITY[sdk=iphoneos*]" = "iPhone Developer";
				COPY_PHASE_STRIP = YES;
				ENABLE_NS_ASSERTIONS = NO;
				ENABLE_STRICT_OBJC_MSGSEND = YES;
				GCC_C_LANGUAGE_STANDARD = gnu99;
				GCC_WARN_64_TO_32_BIT_CONVERSION = YES;
				GCC_WARN_ABOUT_RETURN_TYPE = YES_ERROR;
				GCC_WARN_UNDECLARED_SELECTOR = YES;
				GCC_WARN_UNINITIALIZED_AUTOS = YES_AGGRESSIVE;
				GCC_WARN_UNUSED_FUNCTION = YES;
				GCC_WARN_UNUSED_VARIABLE = YES;
				IPHONEOS_DEPLOYMENT_TARGET = 8.1;
				MTL_ENABLE_DEBUG_INFO = NO;
				SDKROOT = iphoneos;
				TARGETED_DEVICE_FAMILY = 2;
				VALIDATE_PRODUCT = YES;
			};
			name = Release;
		};
		E24514821AA6448500B80D2E /* Debug */ = {
			isa = XCBuildConfiguration;
			baseConfigurationReference = AEE5257E68B4E4BFA4A6ED8A /* Pods.debug.xcconfig */;
			buildSettings = {
				ASSETCATALOG_COMPILER_APPICON_NAME = AppIcon;
				CODE_SIGN_IDENTITY = "iPhone Developer";
				INFOPLIST_FILE = Bluit/Info.plist;
				IPHONEOS_DEPLOYMENT_TARGET = 8.0;
				LD_RUNPATH_SEARCH_PATHS = "$(inherited) @executable_path/Frameworks";
				PRODUCT_NAME = redditPad;
				TARGETED_DEVICE_FAMILY = "1,2";
			};
			name = Debug;
		};
		E24514831AA6448500B80D2E /* Release */ = {
			isa = XCBuildConfiguration;
			baseConfigurationReference = 836F63B2190BA5E760A4B1E6 /* Pods.release.xcconfig */;
			buildSettings = {
				ASSETCATALOG_COMPILER_APPICON_NAME = AppIcon;
				CODE_SIGN_IDENTITY = "iPhone Developer";
				INFOPLIST_FILE = Bluit/Info.plist;
				IPHONEOS_DEPLOYMENT_TARGET = 8.0;
				LD_RUNPATH_SEARCH_PATHS = "$(inherited) @executable_path/Frameworks";
				PRODUCT_NAME = redditPad;
				TARGETED_DEVICE_FAMILY = "1,2";
			};
			name = Release;
		};
		E24514851AA6448500B80D2E /* Debug */ = {
			isa = XCBuildConfiguration;
			buildSettings = {
				BUNDLE_LOADER = "$(TEST_HOST)";
				FRAMEWORK_SEARCH_PATHS = (
					"$(SDKROOT)/Developer/Library/Frameworks",
					"$(inherited)",
				);
				GCC_PREPROCESSOR_DEFINITIONS = (
					"DEBUG=1",
					"$(inherited)",
				);
				INFOPLIST_FILE = BluitTests/Info.plist;
				LD_RUNPATH_SEARCH_PATHS = "$(inherited) @executable_path/Frameworks @loader_path/Frameworks";
				PRODUCT_NAME = redditPadTests;
				TEST_HOST = "$(BUILT_PRODUCTS_DIR)/redditPad.app/redditPad";
			};
			name = Debug;
		};
		E24514861AA6448500B80D2E /* Release */ = {
			isa = XCBuildConfiguration;
			buildSettings = {
				BUNDLE_LOADER = "$(TEST_HOST)";
				FRAMEWORK_SEARCH_PATHS = (
					"$(SDKROOT)/Developer/Library/Frameworks",
					"$(inherited)",
				);
				INFOPLIST_FILE = BluitTests/Info.plist;
				LD_RUNPATH_SEARCH_PATHS = "$(inherited) @executable_path/Frameworks @loader_path/Frameworks";
				PRODUCT_NAME = redditPadTests;
				TEST_HOST = "$(BUILT_PRODUCTS_DIR)/redditPad.app/redditPad";
			};
			name = Release;
		};
/* End XCBuildConfiguration section */

/* Begin XCConfigurationList section */
		E24514561AA6448400B80D2E /* Build configuration list for PBXProject "redditPad" */ = {
			isa = XCConfigurationList;
			buildConfigurations = (
				E245147F1AA6448500B80D2E /* Debug */,
				E24514801AA6448500B80D2E /* Release */,
			);
			defaultConfigurationIsVisible = 0;
			defaultConfigurationName = Release;
		};
		E24514811AA6448500B80D2E /* Build configuration list for PBXNativeTarget "redditPad" */ = {
			isa = XCConfigurationList;
			buildConfigurations = (
				E24514821AA6448500B80D2E /* Debug */,
				E24514831AA6448500B80D2E /* Release */,
			);
			defaultConfigurationIsVisible = 0;
			defaultConfigurationName = Release;
		};
		E24514841AA6448500B80D2E /* Build configuration list for PBXNativeTarget "redditPadTests" */ = {
			isa = XCConfigurationList;
			buildConfigurations = (
				E24514851AA6448500B80D2E /* Debug */,
				E24514861AA6448500B80D2E /* Release */,
			);
			defaultConfigurationIsVisible = 0;
			defaultConfigurationName = Release;
		};
/* End XCConfigurationList section */
	};
	rootObject = E24514531AA6448400B80D2E /* Project object */;
}
