// !$*UTF8*$!
{
	archiveVersion = 1;
	classes = {
	};
	objectVersion = 46;
	objects = {

/* Begin PBXBuildFile section */
		E20F193D1AB77BC900210A58 /* TGSelfpostView.m in Sources */ = {isa = PBXBuildFile; fileRef = E20F193C1AB77BC900210A58 /* TGSelfpostView.m */; };
		E210FEA11AB2DA240000E739 /* TGCommentTableViewCell.m in Sources */ = {isa = PBXBuildFile; fileRef = E210FEA01AB2DA240000E739 /* TGCommentTableViewCell.m */; };
		E210FEA71AB2DBA50000E739 /* TGComment.m in Sources */ = {isa = PBXBuildFile; fileRef = E210FEA61AB2DBA50000E739 /* TGComment.m */; };
		E210FEAA1AB2DEF40000E739 /* TGLinkViewController.m in Sources */ = {isa = PBXBuildFile; fileRef = E210FEA91AB2DEF40000E739 /* TGLinkViewController.m */; };
		E210FEAD1AB48B7E0000E739 /* TGLinkHeaderViewController.m in Sources */ = {isa = PBXBuildFile; fileRef = E210FEAC1AB48B7E0000E739 /* TGLinkHeaderViewController.m */; };
		E210FEB01AB49AD10000E739 /* TGSelfPostHeaderViewController.m in Sources */ = {isa = PBXBuildFile; fileRef = E210FEAF1AB49AD10000E739 /* TGSelfPostHeaderViewController.m */; };
		E210FEB31AB4C0620000E739 /* TGLinkHeaderContainerViewController.m in Sources */ = {isa = PBXBuildFile; fileRef = E210FEB21AB4C0620000E739 /* TGLinkHeaderContainerViewController.m */; };
		E210FEB61AB4CE9F0000E739 /* EmptySegue.m in Sources */ = {isa = PBXBuildFile; fileRef = E210FEB51AB4CE9F0000E739 /* EmptySegue.m */; };
		E24514611AA6448500B80D2E /* main.m in Sources */ = {isa = PBXBuildFile; fileRef = E24514601AA6448500B80D2E /* main.m */; };
		E24514641AA6448500B80D2E /* AppDelegate.m in Sources */ = {isa = PBXBuildFile; fileRef = E24514631AA6448500B80D2E /* AppDelegate.m */; };
		E24514671AA6448500B80D2E /* FrontPageViewController.m in Sources */ = {isa = PBXBuildFile; fileRef = E24514661AA6448500B80D2E /* FrontPageViewController.m */; };
		E245146A1AA6448500B80D2E /* TGSubredditListViewController.m in Sources */ = {isa = PBXBuildFile; fileRef = E24514691AA6448500B80D2E /* TGSubredditListViewController.m */; };
		E245146D1AA6448500B80D2E /* Main.storyboard in Resources */ = {isa = PBXBuildFile; fileRef = E245146B1AA6448500B80D2E /* Main.storyboard */; };
		E245146F1AA6448500B80D2E /* Images.xcassets in Resources */ = {isa = PBXBuildFile; fileRef = E245146E1AA6448500B80D2E /* Images.xcassets */; };
		E24514721AA6448500B80D2E /* LaunchScreen.xib in Resources */ = {isa = PBXBuildFile; fileRef = E24514701AA6448500B80D2E /* LaunchScreen.xib */; };
		E245147E1AA6448500B80D2E /* redditPadTests.m in Sources */ = {isa = PBXBuildFile; fileRef = E245147D1AA6448500B80D2E /* redditPadTests.m */; };
		E24514881AA64C1200B80D2E /* TGRedditClient.m in Sources */ = {isa = PBXBuildFile; fileRef = E24514871AA64C1200B80D2E /* TGRedditClient.m */; };
		E28BB7ED1AAFA305005E47B8 /* TGLink.m in Sources */ = {isa = PBXBuildFile; fileRef = E28BB7EC1AAFA305005E47B8 /* TGLink.m */; };
		E28BB7F01AAFB0B7005E47B8 /* TGListingTableViewCell.m in Sources */ = {isa = PBXBuildFile; fileRef = E28BB7EF1AAFB0B7005E47B8 /* TGListingTableViewCell.m */; };
		E28BB7F31AB0D98C005E47B8 /* TGWebViewController.m in Sources */ = {isa = PBXBuildFile; fileRef = E28BB7F21AB0D98C005E47B8 /* TGWebViewController.m */; };
		E28BB7F61AB17ED2005E47B8 /* TGLoginViewController.m in Sources */ = {isa = PBXBuildFile; fileRef = E28BB7F51AB17ED2005E47B8 /* TGLoginViewController.m */; };
		E2A512871AC0CEF80007A842 /* TGCommentCell.m in Sources */ = {isa = PBXBuildFile; fileRef = E2A512861AC0CEF80007A842 /* TGCommentCell.m */; };
		E2A5128A1AC0D42C0007A842 /* TGPostViewController.m in Sources */ = {isa = PBXBuildFile; fileRef = E2A512891AC0D42C0007A842 /* TGPostViewController.m */; };
		E2A5128E1AC354D50007A842 /* TGLinkPostCell.m in Sources */ = {isa = PBXBuildFile; fileRef = E2A5128D1AC354D50007A842 /* TGLinkPostCell.m */; };
		E2A512971AC4AC990007A842 /* ThemeManager.m in Sources */ = {isa = PBXBuildFile; fileRef = E2A512961AC4AC990007A842 /* ThemeManager.m */; };
		E2A512991AC4B4F10007A842 /* darkTheme.plist in Resources */ = {isa = PBXBuildFile; fileRef = E2A512981AC4B4F10007A842 /* darkTheme.plist */; };
		E2A5129C1AC4B6030007A842 /* UIColor+HexColors.m in Sources */ = {isa = PBXBuildFile; fileRef = E2A5129B1AC4B6030007A842 /* UIColor+HexColors.m */; };
		E2A5129E1AC564BF0007A842 /* lightTheme.plist in Resources */ = {isa = PBXBuildFile; fileRef = E2A5129D1AC564BF0007A842 /* lightTheme.plist */; };
		F01739A4B8845F47B0205BA2 /* libPods.a in Frameworks */ = {isa = PBXBuildFile; fileRef = F306A862EA62B98203377AA7 /* libPods.a */; };
/* End PBXBuildFile section */

/* Begin PBXContainerItemProxy section */
		E24514781AA6448500B80D2E /* PBXContainerItemProxy */ = {
			isa = PBXContainerItemProxy;
			containerPortal = E24514531AA6448400B80D2E /* Project object */;
			proxyType = 1;
			remoteGlobalIDString = E245145A1AA6448400B80D2E;
			remoteInfo = Bluit;
		};
/* End PBXContainerItemProxy section */

/* Begin PBXFileReference section */
		836F63B2190BA5E760A4B1E6 /* Pods.release.xcconfig */ = {isa = PBXFileReference; includeInIndex = 1; lastKnownFileType = text.xcconfig; name = Pods.release.xcconfig; path = "Pods/Target Support Files/Pods/Pods.release.xcconfig"; sourceTree = "<group>"; };
		AEE5257E68B4E4BFA4A6ED8A /* Pods.debug.xcconfig */ = {isa = PBXFileReference; includeInIndex = 1; lastKnownFileType = text.xcconfig; name = Pods.debug.xcconfig; path = "Pods/Target Support Files/Pods/Pods.debug.xcconfig"; sourceTree = "<group>"; };
		E20F193B1AB77BC900210A58 /* TGSelfpostView.h */ = {isa = PBXFileReference; fileEncoding = 4; lastKnownFileType = sourcecode.c.h; name = TGSelfpostView.h; path = Views/TGSelfpostView.h; sourceTree = "<group>"; };
		E20F193C1AB77BC900210A58 /* TGSelfpostView.m */ = {isa = PBXFileReference; fileEncoding = 4; lastKnownFileType = sourcecode.c.objc; name = TGSelfpostView.m; path = Views/TGSelfpostView.m; sourceTree = "<group>"; };
		E210FE9F1AB2DA240000E739 /* TGCommentTableViewCell.h */ = {isa = PBXFileReference; fileEncoding = 4; lastKnownFileType = sourcecode.c.h; name = TGCommentTableViewCell.h; path = Views/TGCommentTableViewCell.h; sourceTree = "<group>"; };
		E210FEA01AB2DA240000E739 /* TGCommentTableViewCell.m */ = {isa = PBXFileReference; fileEncoding = 4; lastKnownFileType = sourcecode.c.objc; name = TGCommentTableViewCell.m; path = Views/TGCommentTableViewCell.m; sourceTree = "<group>"; };
		E210FEA51AB2DBA50000E739 /* TGComment.h */ = {isa = PBXFileReference; fileEncoding = 4; lastKnownFileType = sourcecode.c.h; name = TGComment.h; path = Model/TGComment.h; sourceTree = "<group>"; };
		E210FEA61AB2DBA50000E739 /* TGComment.m */ = {isa = PBXFileReference; fileEncoding = 4; lastKnownFileType = sourcecode.c.objc; name = TGComment.m; path = Model/TGComment.m; sourceTree = "<group>"; };
		E210FEA81AB2DEF40000E739 /* TGLinkViewController.h */ = {isa = PBXFileReference; fileEncoding = 4; lastKnownFileType = sourcecode.c.h; name = TGLinkViewController.h; path = Views/TGLinkViewController.h; sourceTree = "<group>"; };
		E210FEA91AB2DEF40000E739 /* TGLinkViewController.m */ = {isa = PBXFileReference; fileEncoding = 4; lastKnownFileType = sourcecode.c.objc; name = TGLinkViewController.m; path = Views/TGLinkViewController.m; sourceTree = "<group>"; };
		E210FEAB1AB48B7E0000E739 /* TGLinkHeaderViewController.h */ = {isa = PBXFileReference; fileEncoding = 4; lastKnownFileType = sourcecode.c.h; name = TGLinkHeaderViewController.h; path = Views/TGLinkHeaderViewController.h; sourceTree = "<group>"; };
		E210FEAC1AB48B7E0000E739 /* TGLinkHeaderViewController.m */ = {isa = PBXFileReference; fileEncoding = 4; lastKnownFileType = sourcecode.c.objc; name = TGLinkHeaderViewController.m; path = Views/TGLinkHeaderViewController.m; sourceTree = "<group>"; };
		E210FEAE1AB49AD10000E739 /* TGSelfPostHeaderViewController.h */ = {isa = PBXFileReference; fileEncoding = 4; lastKnownFileType = sourcecode.c.h; name = TGSelfPostHeaderViewController.h; path = Views/TGSelfPostHeaderViewController.h; sourceTree = "<group>"; };
		E210FEAF1AB49AD10000E739 /* TGSelfPostHeaderViewController.m */ = {isa = PBXFileReference; fileEncoding = 4; lastKnownFileType = sourcecode.c.objc; name = TGSelfPostHeaderViewController.m; path = Views/TGSelfPostHeaderViewController.m; sourceTree = "<group>"; };
		E210FEB11AB4C0620000E739 /* TGLinkHeaderContainerViewController.h */ = {isa = PBXFileReference; fileEncoding = 4; lastKnownFileType = sourcecode.c.h; path = TGLinkHeaderContainerViewController.h; sourceTree = "<group>"; };
		E210FEB21AB4C0620000E739 /* TGLinkHeaderContainerViewController.m */ = {isa = PBXFileReference; fileEncoding = 4; lastKnownFileType = sourcecode.c.objc; path = TGLinkHeaderContainerViewController.m; sourceTree = "<group>"; };
		E210FEB41AB4CE9F0000E739 /* EmptySegue.h */ = {isa = PBXFileReference; fileEncoding = 4; lastKnownFileType = sourcecode.c.h; path = EmptySegue.h; sourceTree = "<group>"; };
		E210FEB51AB4CE9F0000E739 /* EmptySegue.m */ = {isa = PBXFileReference; fileEncoding = 4; lastKnownFileType = sourcecode.c.objc; path = EmptySegue.m; sourceTree = "<group>"; };
		E245145B1AA6448400B80D2E /* redditPad.app */ = {isa = PBXFileReference; explicitFileType = wrapper.application; includeInIndex = 0; path = redditPad.app; sourceTree = BUILT_PRODUCTS_DIR; };
		E245145F1AA6448500B80D2E /* Info.plist */ = {isa = PBXFileReference; lastKnownFileType = text.plist.xml; path = Info.plist; sourceTree = "<group>"; };
		E24514601AA6448500B80D2E /* main.m */ = {isa = PBXFileReference; lastKnownFileType = sourcecode.c.objc; path = main.m; sourceTree = "<group>"; };
		E24514621AA6448500B80D2E /* AppDelegate.h */ = {isa = PBXFileReference; lastKnownFileType = sourcecode.c.h; path = AppDelegate.h; sourceTree = "<group>"; };
		E24514631AA6448500B80D2E /* AppDelegate.m */ = {isa = PBXFileReference; lastKnownFileType = sourcecode.c.objc; path = AppDelegate.m; sourceTree = "<group>"; };
		E24514651AA6448500B80D2E /* FrontPageViewController.h */ = {isa = PBXFileReference; lastKnownFileType = sourcecode.c.h; path = FrontPageViewController.h; sourceTree = "<group>"; };
		E24514661AA6448500B80D2E /* FrontPageViewController.m */ = {isa = PBXFileReference; lastKnownFileType = sourcecode.c.objc; path = FrontPageViewController.m; sourceTree = "<group>"; };
		E24514681AA6448500B80D2E /* TGSubredditListViewController.h */ = {isa = PBXFileReference; lastKnownFileType = sourcecode.c.h; path = TGSubredditListViewController.h; sourceTree = "<group>"; };
		E24514691AA6448500B80D2E /* TGSubredditListViewController.m */ = {isa = PBXFileReference; lastKnownFileType = sourcecode.c.objc; path = TGSubredditListViewController.m; sourceTree = "<group>"; };
		E245146C1AA6448500B80D2E /* Base */ = {isa = PBXFileReference; lastKnownFileType = file.storyboard; name = Base; path = Base.lproj/Main.storyboard; sourceTree = "<group>"; };
		E245146E1AA6448500B80D2E /* Images.xcassets */ = {isa = PBXFileReference; lastKnownFileType = folder.assetcatalog; path = Images.xcassets; sourceTree = "<group>"; };
		E24514711AA6448500B80D2E /* Base */ = {isa = PBXFileReference; lastKnownFileType = file.xib; name = Base; path = Base.lproj/LaunchScreen.xib; sourceTree = "<group>"; };
		E24514771AA6448500B80D2E /* redditPadTests.xctest */ = {isa = PBXFileReference; explicitFileType = wrapper.cfbundle; includeInIndex = 0; path = redditPadTests.xctest; sourceTree = BUILT_PRODUCTS_DIR; };
		E245147C1AA6448500B80D2E /* Info.plist */ = {isa = PBXFileReference; lastKnownFileType = text.plist.xml; path = Info.plist; sourceTree = "<group>"; };
		E245147D1AA6448500B80D2E /* redditPadTests.m */ = {isa = PBXFileReference; lastKnownFileType = sourcecode.c.objc; path = redditPadTests.m; sourceTree = "<group>"; };
		E24514871AA64C1200B80D2E /* TGRedditClient.m */ = {isa = PBXFileReference; fileEncoding = 4; lastKnownFileType = sourcecode.c.objc; name = TGRedditClient.m; path = API/TGRedditClient.m; sourceTree = "<group>"; };
		E25C5E5D1AA6541100690896 /* TGRedditClient.h */ = {isa = PBXFileReference; lastKnownFileType = sourcecode.c.h; name = TGRedditClient.h; path = API/TGRedditClient.h; sourceTree = "<group>"; };
		E28BB7EB1AAFA305005E47B8 /* TGLink.h */ = {isa = PBXFileReference; fileEncoding = 4; lastKnownFileType = sourcecode.c.h; name = TGLink.h; path = Model/TGLink.h; sourceTree = "<group>"; };
		E28BB7EC1AAFA305005E47B8 /* TGLink.m */ = {isa = PBXFileReference; fileEncoding = 4; lastKnownFileType = sourcecode.c.objc; name = TGLink.m; path = Model/TGLink.m; sourceTree = "<group>"; };
		E28BB7EE1AAFB0B7005E47B8 /* TGListingTableViewCell.h */ = {isa = PBXFileReference; fileEncoding = 4; lastKnownFileType = sourcecode.c.h; name = TGListingTableViewCell.h; path = Views/TGListingTableViewCell.h; sourceTree = "<group>"; };
		E28BB7EF1AAFB0B7005E47B8 /* TGListingTableViewCell.m */ = {isa = PBXFileReference; fileEncoding = 4; lastKnownFileType = sourcecode.c.objc; name = TGListingTableViewCell.m; path = Views/TGListingTableViewCell.m; sourceTree = "<group>"; };
		E28BB7F11AB0D98C005E47B8 /* TGWebViewController.h */ = {isa = PBXFileReference; fileEncoding = 4; lastKnownFileType = sourcecode.c.h; name = TGWebViewController.h; path = Views/TGWebViewController.h; sourceTree = "<group>"; };
		E28BB7F21AB0D98C005E47B8 /* TGWebViewController.m */ = {isa = PBXFileReference; fileEncoding = 4; lastKnownFileType = sourcecode.c.objc; name = TGWebViewController.m; path = Views/TGWebViewController.m; sourceTree = "<group>"; };
		E28BB7F41AB17ED2005E47B8 /* TGLoginViewController.h */ = {isa = PBXFileReference; fileEncoding = 4; lastKnownFileType = sourcecode.c.h; name = TGLoginViewController.h; path = Views/TGLoginViewController.h; sourceTree = "<group>"; };
		E28BB7F51AB17ED2005E47B8 /* TGLoginViewController.m */ = {isa = PBXFileReference; fileEncoding = 4; lastKnownFileType = sourcecode.c.objc; name = TGLoginViewController.m; path = Views/TGLoginViewController.m; sourceTree = "<group>"; };
		E2A512851AC0CEF80007A842 /* TGCommentCell.h */ = {isa = PBXFileReference; fileEncoding = 4; lastKnownFileType = sourcecode.c.h; name = TGCommentCell.h; path = Views/TGCommentCell.h; sourceTree = "<group>"; };
		E2A512861AC0CEF80007A842 /* TGCommentCell.m */ = {isa = PBXFileReference; fileEncoding = 4; lastKnownFileType = sourcecode.c.objc; name = TGCommentCell.m; path = Views/TGCommentCell.m; sourceTree = "<group>"; };
		E2A512881AC0D42C0007A842 /* TGPostViewController.h */ = {isa = PBXFileReference; fileEncoding = 4; lastKnownFileType = sourcecode.c.h; name = TGPostViewController.h; path = Views/TGPostViewController.h; sourceTree = "<group>"; };
		E2A512891AC0D42C0007A842 /* TGPostViewController.m */ = {isa = PBXFileReference; fileEncoding = 4; lastKnownFileType = sourcecode.c.objc; name = TGPostViewController.m; path = Views/TGPostViewController.m; sourceTree = "<group>"; };
		E2A5128C1AC354D50007A842 /* TGLinkPostCell.h */ = {isa = PBXFileReference; fileEncoding = 4; lastKnownFileType = sourcecode.c.h; name = TGLinkPostCell.h; path = Views/TGLinkPostCell.h; sourceTree = "<group>"; };
		E2A5128D1AC354D50007A842 /* TGLinkPostCell.m */ = {isa = PBXFileReference; fileEncoding = 4; lastKnownFileType = sourcecode.c.objc; name = TGLinkPostCell.m; path = Views/TGLinkPostCell.m; sourceTree = "<group>"; };
		E2A512951AC4AC990007A842 /* ThemeManager.h */ = {isa = PBXFileReference; fileEncoding = 4; lastKnownFileType = sourcecode.c.h; path = ThemeManager.h; sourceTree = "<group>"; };
		E2A512961AC4AC990007A842 /* ThemeManager.m */ = {isa = PBXFileReference; fileEncoding = 4; lastKnownFileType = sourcecode.c.objc; path = ThemeManager.m; sourceTree = "<group>"; };
		E2A512981AC4B4F10007A842 /* darkTheme.plist */ = {isa = PBXFileReference; fileEncoding = 4; lastKnownFileType = text.plist.xml; path = darkTheme.plist; sourceTree = "<group>"; };
		E2A5129A1AC4B6030007A842 /* UIColor+HexColors.h */ = {isa = PBXFileReference; fileEncoding = 4; lastKnownFileType = sourcecode.c.h; path = "UIColor+HexColors.h"; sourceTree = "<group>"; };
		E2A5129B1AC4B6030007A842 /* UIColor+HexColors.m */ = {isa = PBXFileReference; fileEncoding = 4; lastKnownFileType = sourcecode.c.objc; path = "UIColor+HexColors.m"; sourceTree = "<group>"; };
		E2A5129D1AC564BF0007A842 /* lightTheme.plist */ = {isa = PBXFileReference; fileEncoding = 4; lastKnownFileType = text.plist.xml; path = lightTheme.plist; sourceTree = "<group>"; };
		F306A862EA62B98203377AA7 /* libPods.a */ = {isa = PBXFileReference; explicitFileType = archive.ar; includeInIndex = 0; path = libPods.a; sourceTree = BUILT_PRODUCTS_DIR; };
/* End PBXFileReference section */

/* Begin PBXFrameworksBuildPhase section */
		E24514581AA6448400B80D2E /* Frameworks */ = {
			isa = PBXFrameworksBuildPhase;
			buildActionMask = 2147483647;
			files = (
				F01739A4B8845F47B0205BA2 /* libPods.a in Frameworks */,
			);
			runOnlyForDeploymentPostprocessing = 0;
		};
		E24514741AA6448500B80D2E /* Frameworks */ = {
			isa = PBXFrameworksBuildPhase;
			buildActionMask = 2147483647;
			files = (
			);
			runOnlyForDeploymentPostprocessing = 0;
		};
/* End PBXFrameworksBuildPhase section */

/* Begin PBXGroup section */
		8DD74F8CC3FB44C05E1A65CD /* Pods */ = {
			isa = PBXGroup;
			children = (
				AEE5257E68B4E4BFA4A6ED8A /* Pods.debug.xcconfig */,
				836F63B2190BA5E760A4B1E6 /* Pods.release.xcconfig */,
			);
			name = Pods;
			sourceTree = "<group>";
		};
		90C5C008D754CB873F8E3271 /* Frameworks */ = {
			isa = PBXGroup;
			children = (
				F306A862EA62B98203377AA7 /* libPods.a */,
			);
			name = Frameworks;
			sourceTree = "<group>";
		};
		E24514521AA6448400B80D2E = {
			isa = PBXGroup;
			children = (
				E245145D1AA6448400B80D2E /* redditPad */,
				E245147A1AA6448500B80D2E /* redditPadTests */,
				E245145C1AA6448400B80D2E /* Products */,
				8DD74F8CC3FB44C05E1A65CD /* Pods */,
				90C5C008D754CB873F8E3271 /* Frameworks */,
			);
			sourceTree = "<group>";
		};
		E245145C1AA6448400B80D2E /* Products */ = {
			isa = PBXGroup;
			children = (
				E245145B1AA6448400B80D2E /* redditPad.app */,
				E24514771AA6448500B80D2E /* redditPadTests.xctest */,
			);
			name = Products;
			sourceTree = "<group>";
		};
		E245145D1AA6448400B80D2E /* redditPad */ = {
			isa = PBXGroup;
			children = (
				E2A512941AC4AC850007A842 /* Helpers */,
				E25C5E5C1AA653CA00690896 /* API */,
				E2A5128B1AC202F60007A842 /* Controllers */,
				E28BB7E91AAFA2A8005E47B8 /* Model */,
				E28BB7EA1AAFA2B4005E47B8 /* Views */,
				E245145E1AA6448500B80D2E /* Supporting Files */,
			);
			name = redditPad;
			path = Bluit;
			sourceTree = "<group>";
		};
		E245145E1AA6448500B80D2E /* Supporting Files */ = {
			isa = PBXGroup;
			children = (
				E24514621AA6448500B80D2E /* AppDelegate.h */,
				E24514631AA6448500B80D2E /* AppDelegate.m */,
				E245145F1AA6448500B80D2E /* Info.plist */,
				E24514601AA6448500B80D2E /* main.m */,
				E2A512981AC4B4F10007A842 /* darkTheme.plist */,
				E2A5129D1AC564BF0007A842 /* lightTheme.plist */,
			);
			name = "Supporting Files";
			sourceTree = "<group>";
		};
		E245147A1AA6448500B80D2E /* redditPadTests */ = {
			isa = PBXGroup;
			children = (
				E245147D1AA6448500B80D2E /* redditPadTests.m */,
				E245147B1AA6448500B80D2E /* Supporting Files */,
			);
			name = redditPadTests;
			path = BluitTests;
			sourceTree = "<group>";
		};
		E245147B1AA6448500B80D2E /* Supporting Files */ = {
			isa = PBXGroup;
			children = (
				E245147C1AA6448500B80D2E /* Info.plist */,
			);
			name = "Supporting Files";
			sourceTree = "<group>";
		};
		E25C5E5C1AA653CA00690896 /* API */ = {
			isa = PBXGroup;
			children = (
				E25C5E5D1AA6541100690896 /* TGRedditClient.h */,
				E24514871AA64C1200B80D2E /* TGRedditClient.m */,
			);
			name = API;
			sourceTree = "<group>";
		};
		E28BB7E91AAFA2A8005E47B8 /* Model */ = {
			isa = PBXGroup;
			children = (
				E28BB7EB1AAFA305005E47B8 /* TGLink.h */,
				E28BB7EC1AAFA305005E47B8 /* TGLink.m */,
				E210FEA51AB2DBA50000E739 /* TGComment.h */,
				E210FEA61AB2DBA50000E739 /* TGComment.m */,
			);
			name = Model;
			sourceTree = "<group>";
		};
		E28BB7EA1AAFA2B4005E47B8 /* Views */ = {
			isa = PBXGroup;
			children = (
				E245146B1AA6448500B80D2E /* Main.storyboard */,
				E24514701AA6448500B80D2E /* LaunchScreen.xib */,
				E245146E1AA6448500B80D2E /* Images.xcassets */,
				E28BB7EE1AAFB0B7005E47B8 /* TGListingTableViewCell.h */,
				E28BB7EF1AAFB0B7005E47B8 /* TGListingTableViewCell.m */,
				E210FE9F1AB2DA240000E739 /* TGCommentTableViewCell.h */,
				E210FEA01AB2DA240000E739 /* TGCommentTableViewCell.m */,
				E2A512851AC0CEF80007A842 /* TGCommentCell.h */,
				E2A512861AC0CEF80007A842 /* TGCommentCell.m */,
				E2A5128C1AC354D50007A842 /* TGLinkPostCell.h */,
				E2A5128D1AC354D50007A842 /* TGLinkPostCell.m */,
				E20F193B1AB77BC900210A58 /* TGSelfpostView.h */,
				E20F193C1AB77BC900210A58 /* TGSelfpostView.m */,
				E210FEB41AB4CE9F0000E739 /* EmptySegue.h */,
				E210FEB51AB4CE9F0000E739 /* EmptySegue.m */,
			);
			name = Views;
			sourceTree = "<group>";
		};
		E2A5128B1AC202F60007A842 /* Controllers */ = {
			isa = PBXGroup;
			children = (
				E24514651AA6448500B80D2E /* FrontPageViewController.h */,
				E24514661AA6448500B80D2E /* FrontPageViewController.m */,
				E24514681AA6448500B80D2E /* TGSubredditListViewController.h */,
				E24514691AA6448500B80D2E /* TGSubredditListViewController.m */,
				E28BB7F41AB17ED2005E47B8 /* TGLoginViewController.h */,
				E28BB7F51AB17ED2005E47B8 /* TGLoginViewController.m */,
				E2A512881AC0D42C0007A842 /* TGPostViewController.h */,
				E2A512891AC0D42C0007A842 /* TGPostViewController.m */,
				E210FEA81AB2DEF40000E739 /* TGLinkViewController.h */,
				E210FEA91AB2DEF40000E739 /* TGLinkViewController.m */,
				E210FEB11AB4C0620000E739 /* TGLinkHeaderContainerViewController.h */,
				E210FEB21AB4C0620000E739 /* TGLinkHeaderContainerViewController.m */,
				E210FEAB1AB48B7E0000E739 /* TGLinkHeaderViewController.h */,
				E210FEAC1AB48B7E0000E739 /* TGLinkHeaderViewController.m */,
				E210FEAE1AB49AD10000E739 /* TGSelfPostHeaderViewController.h */,
				E210FEAF1AB49AD10000E739 /* TGSelfPostHeaderViewController.m */,
				E28BB7F11AB0D98C005E47B8 /* TGWebViewController.h */,
				E28BB7F21AB0D98C005E47B8 /* TGWebViewController.m */,
			);
			name = Controllers;
			sourceTree = "<group>";
		};
		E2A512941AC4AC850007A842 /* Helpers */ = {
			isa = PBXGroup;
			children = (
				E2A512951AC4AC990007A842 /* ThemeManager.h */,
				E2A512961AC4AC990007A842 /* ThemeManager.m */,
				E2A5129A1AC4B6030007A842 /* UIColor+HexColors.h */,
				E2A5129B1AC4B6030007A842 /* UIColor+HexColors.m */,
			);
			name = Helpers;
			sourceTree = "<group>";
		};
/* End PBXGroup section */

/* Begin PBXNativeTarget section */
		E245145A1AA6448400B80D2E /* redditPad */ = {
			isa = PBXNativeTarget;
			buildConfigurationList = E24514811AA6448500B80D2E /* Build configuration list for PBXNativeTarget "redditPad" */;
			buildPhases = (
				2CCDB9C39A78B47EEFD24C9A /* Check Pods Manifest.lock */,
				E24514571AA6448400B80D2E /* Sources */,
				E24514581AA6448400B80D2E /* Frameworks */,
				E24514591AA6448400B80D2E /* Resources */,
				B35B41B063B3928EB4DF56F8 /* Copy Pods Resources */,
			);
			buildRules = (
			);
			dependencies = (
			);
			name = redditPad;
			productName = Bluit;
			productReference = E245145B1AA6448400B80D2E /* redditPad.app */;
			productType = "com.apple.product-type.application";
		};
		E24514761AA6448500B80D2E /* redditPadTests */ = {
			isa = PBXNativeTarget;
			buildConfigurationList = E24514841AA6448500B80D2E /* Build configuration list for PBXNativeTarget "redditPadTests" */;
			buildPhases = (
				E24514731AA6448500B80D2E /* Sources */,
				E24514741AA6448500B80D2E /* Frameworks */,
				E24514751AA6448500B80D2E /* Resources */,
			);
			buildRules = (
			);
			dependencies = (
				E24514791AA6448500B80D2E /* PBXTargetDependency */,
			);
			name = redditPadTests;
			productName = BluitTests;
			productReference = E24514771AA6448500B80D2E /* redditPadTests.xctest */;
			productType = "com.apple.product-type.bundle.unit-test";
		};
/* End PBXNativeTarget section */

/* Begin PBXProject section */
		E24514531AA6448400B80D2E /* Project object */ = {
			isa = PBXProject;
			attributes = {
				LastUpgradeCheck = 0610;
				ORGANIZATIONNAME = "Tom Graham";
				TargetAttributes = {
					E245145A1AA6448400B80D2E = {
						CreatedOnToolsVersion = 6.1.1;
						DevelopmentTeam = FLP2N9828B;
					};
					E24514761AA6448500B80D2E = {
						CreatedOnToolsVersion = 6.1.1;
						TestTargetID = E245145A1AA6448400B80D2E;
					};
				};
			};
			buildConfigurationList = E24514561AA6448400B80D2E /* Build configuration list for PBXProject "redditPad" */;
			compatibilityVersion = "Xcode 3.2";
			developmentRegion = English;
			hasScannedForEncodings = 0;
			knownRegions = (
				en,
				Base,
			);
			mainGroup = E24514521AA6448400B80D2E;
			productRefGroup = E245145C1AA6448400B80D2E /* Products */;
			projectDirPath = "";
			projectRoot = "";
			targets = (
				E245145A1AA6448400B80D2E /* redditPad */,
				E24514761AA6448500B80D2E /* redditPadTests */,
			);
		};
/* End PBXProject section */

/* Begin PBXResourcesBuildPhase section */
		E24514591AA6448400B80D2E /* Resources */ = {
			isa = PBXResourcesBuildPhase;
			buildActionMask = 2147483647;
			files = (
				E2A5129E1AC564BF0007A842 /* lightTheme.plist in Resources */,
				E245146D1AA6448500B80D2E /* Main.storyboard in Resources */,
				E24514721AA6448500B80D2E /* LaunchScreen.xib in Resources */,
				E2A512991AC4B4F10007A842 /* darkTheme.plist in Resources */,
				E245146F1AA6448500B80D2E /* Images.xcassets in Resources */,
			);
			runOnlyForDeploymentPostprocessing = 0;
		};
		E24514751AA6448500B80D2E /* Resources */ = {
			isa = PBXResourcesBuildPhase;
			buildActionMask = 2147483647;
			files = (
			);
			runOnlyForDeploymentPostprocessing = 0;
		};
/* End PBXResourcesBuildPhase section */

/* Begin PBXShellScriptBuildPhase section */
		2CCDB9C39A78B47EEFD24C9A /* Check Pods Manifest.lock */ = {
			isa = PBXShellScriptBuildPhase;
			buildActionMask = 2147483647;
			files = (
			);
			inputPaths = (
			);
			name = "Check Pods Manifest.lock";
			outputPaths = (
			);
			runOnlyForDeploymentPostprocessing = 0;
			shellPath = /bin/sh;
			shellScript = "diff \"${PODS_ROOT}/../Podfile.lock\" \"${PODS_ROOT}/Manifest.lock\" > /dev/null\nif [[ $? != 0 ]] ; then\n    cat << EOM\nerror: The sandbox is not in sync with the Podfile.lock. Run 'pod install' or update your CocoaPods installation.\nEOM\n    exit 1\nfi\n";
			showEnvVarsInLog = 0;
		};
		B35B41B063B3928EB4DF56F8 /* Copy Pods Resources */ = {
			isa = PBXShellScriptBuildPhase;
			buildActionMask = 2147483647;
			files = (
			);
			inputPaths = (
			);
			name = "Copy Pods Resources";
			outputPaths = (
			);
			runOnlyForDeploymentPostprocessing = 0;
			shellPath = /bin/sh;
			shellScript = "\"${SRCROOT}/Pods/Target Support Files/Pods/Pods-resources.sh\"\n";
			showEnvVarsInLog = 0;
		};
/* End PBXShellScriptBuildPhase section */

/* Begin PBXSourcesBuildPhase section */
		E24514571AA6448400B80D2E /* Sources */ = {
			isa = PBXSourcesBuildPhase;
			buildActionMask = 2147483647;
			files = (
				E28BB7F31AB0D98C005E47B8 /* TGWebViewController.m in Sources */,
				E245146A1AA6448500B80D2E /* TGSubredditListViewController.m in Sources */,
				E2A5128E1AC354D50007A842 /* TGLinkPostCell.m in Sources */,
				E210FEAD1AB48B7E0000E739 /* TGLinkHeaderViewController.m in Sources */,
				E210FEB31AB4C0620000E739 /* TGLinkHeaderContainerViewController.m in Sources */,
				E28BB7F61AB17ED2005E47B8 /* TGLoginViewController.m in Sources */,
				E210FEAA1AB2DEF40000E739 /* TGLinkViewController.m in Sources */,
				E210FEA71AB2DBA50000E739 /* TGComment.m in Sources */,
				E2A512971AC4AC990007A842 /* ThemeManager.m in Sources */,
				E2A5129C1AC4B6030007A842 /* UIColor+HexColors.m in Sources */,
				E20F193D1AB77BC900210A58 /* TGSelfpostView.m in Sources */,
				E24514641AA6448500B80D2E /* AppDelegate.m in Sources */,
				E28BB7ED1AAFA305005E47B8 /* TGLink.m in Sources */,
				E210FEB01AB49AD10000E739 /* TGSelfPostHeaderViewController.m in Sources */,
				E24514881AA64C1200B80D2E /* TGRedditClient.m in Sources */,
				E28BB7F01AAFB0B7005E47B8 /* TGListingTableViewCell.m in Sources */,
				E2A5128A1AC0D42C0007A842 /* TGPostViewController.m in Sources */,
				E24514671AA6448500B80D2E /* FrontPageViewController.m in Sources */,
				E210FEA11AB2DA240000E739 /* TGCommentTableViewCell.m in Sources */,
				E210FEB61AB4CE9F0000E739 /* EmptySegue.m in Sources */,
				E2A512871AC0CEF80007A842 /* TGCommentCell.m in Sources */,
				E24514611AA6448500B80D2E /* main.m in Sources */,
			);
			runOnlyForDeploymentPostprocessing = 0;
		};
		E24514731AA6448500B80D2E /* Sources */ = {
			isa = PBXSourcesBuildPhase;
			buildActionMask = 2147483647;
			files = (
				E245147E1AA6448500B80D2E /* redditPadTests.m in Sources */,
			);
			runOnlyForDeploymentPostprocessing = 0;
		};
/* End PBXSourcesBuildPhase section */

/* Begin PBXTargetDependency section */
		E24514791AA6448500B80D2E /* PBXTargetDependency */ = {
			isa = PBXTargetDependency;
			target = E245145A1AA6448400B80D2E /* redditPad */;
			targetProxy = E24514781AA6448500B80D2E /* PBXContainerItemProxy */;
		};
/* End PBXTargetDependency section */

/* Begin PBXVariantGroup section */
		E245146B1AA6448500B80D2E /* Main.storyboard */ = {
			isa = PBXVariantGroup;
			children = (
				E245146C1AA6448500B80D2E /* Base */,
			);
			name = Main.storyboard;
			sourceTree = "<group>";
		};
		E24514701AA6448500B80D2E /* LaunchScreen.xib */ = {
			isa = PBXVariantGroup;
			children = (
				E24514711AA6448500B80D2E /* Base */,
			);
			name = LaunchScreen.xib;
			sourceTree = "<group>";
		};
/* End PBXVariantGroup section */

/* Begin XCBuildConfiguration section */
		E245147F1AA6448500B80D2E /* Debug */ = {
			isa = XCBuildConfiguration;
			buildSettings = {
				ALWAYS_SEARCH_USER_PATHS = NO;
				CLANG_CXX_LANGUAGE_STANDARD = "gnu++0x";
				CLANG_CXX_LIBRARY = "libc++";
				CLANG_ENABLE_MODULES = YES;
				CLANG_ENABLE_OBJC_ARC = YES;
				CLANG_WARN_BOOL_CONVERSION = YES;
				CLANG_WARN_CONSTANT_CONVERSION = YES;
				CLANG_WARN_DIRECT_OBJC_ISA_USAGE = YES_ERROR;
				CLANG_WARN_EMPTY_BODY = YES;
				CLANG_WARN_ENUM_CONVERSION = YES;
				CLANG_WARN_INT_CONVERSION = YES;
				CLANG_WARN_OBJC_ROOT_CLASS = YES_ERROR;
				CLANG_WARN_UNREACHABLE_CODE = YES;
				CLANG_WARN__DUPLICATE_METHOD_MATCH = YES;
				"CODE_SIGN_IDENTITY[sdk=iphoneos*]" = "iPhone Developer";
				COPY_PHASE_STRIP = NO;
				ENABLE_STRICT_OBJC_MSGSEND = YES;
				GCC_C_LANGUAGE_STANDARD = gnu99;
				GCC_DYNAMIC_NO_PIC = NO;
				GCC_OPTIMIZATION_LEVEL = 0;
				GCC_PREPROCESSOR_DEFINITIONS = (
					"DEBUG=1",
					"$(inherited)",
				);
				GCC_SYMBOLS_PRIVATE_EXTERN = NO;
				GCC_WARN_64_TO_32_BIT_CONVERSION = YES;
				GCC_WARN_ABOUT_RETURN_TYPE = YES_ERROR;
				GCC_WARN_UNDECLARED_SELECTOR = YES;
				GCC_WARN_UNINITIALIZED_AUTOS = YES_AGGRESSIVE;
				GCC_WARN_UNUSED_FUNCTION = YES;
				GCC_WARN_UNUSED_VARIABLE = YES;
				IPHONEOS_DEPLOYMENT_TARGET = 8.1;
				MTL_ENABLE_DEBUG_INFO = YES;
				ONLY_ACTIVE_ARCH = YES;
				SDKROOT = iphoneos;
				TARGETED_DEVICE_FAMILY = 2;
			};
			name = Debug;
		};
		E24514801AA6448500B80D2E /* Release */ = {
			isa = XCBuildConfiguration;
			buildSettings = {
				ALWAYS_SEARCH_USER_PATHS = NO;
				CLANG_CXX_LANGUAGE_STANDARD = "gnu++0x";
				CLANG_CXX_LIBRARY = "libc++";
				CLANG_ENABLE_MODULES = YES;
				CLANG_ENABLE_OBJC_ARC = YES;
				CLANG_WARN_BOOL_CONVERSION = YES;
				CLANG_WARN_CONSTANT_CONVERSION = YES;
				CLANG_WARN_DIRECT_OBJC_ISA_USAGE = YES_ERROR;
				CLANG_WARN_EMPTY_BODY = YES;
				CLANG_WARN_ENUM_CONVERSION = YES;
				CLANG_WARN_INT_CONVERSION = YES;
				CLANG_WARN_OBJC_ROOT_CLASS = YES_ERROR;
				CLANG_WARN_UNREACHABLE_CODE = YES;
				CLANG_WARN__DUPLICATE_METHOD_MATCH = YES;
				"CODE_SIGN_IDENTITY[sdk=iphoneos*]" = "iPhone Developer";
				COPY_PHASE_STRIP = YES;
				ENABLE_NS_ASSERTIONS = NO;
				ENABLE_STRICT_OBJC_MSGSEND = YES;
				GCC_C_LANGUAGE_STANDARD = gnu99;
				GCC_WARN_64_TO_32_BIT_CONVERSION = YES;
				GCC_WARN_ABOUT_RETURN_TYPE = YES_ERROR;
				GCC_WARN_UNDECLARED_SELECTOR = YES;
				GCC_WARN_UNINITIALIZED_AUTOS = YES_AGGRESSIVE;
				GCC_WARN_UNUSED_FUNCTION = YES;
				GCC_WARN_UNUSED_VARIABLE = YES;
				IPHONEOS_DEPLOYMENT_TARGET = 8.1;
				MTL_ENABLE_DEBUG_INFO = NO;
				SDKROOT = iphoneos;
				TARGETED_DEVICE_FAMILY = 2;
				VALIDATE_PRODUCT = YES;
			};
			name = Release;
		};
		E24514821AA6448500B80D2E /* Debug */ = {
			isa = XCBuildConfiguration;
			baseConfigurationReference = AEE5257E68B4E4BFA4A6ED8A /* Pods.debug.xcconfig */;
			buildSettings = {
				ASSETCATALOG_COMPILER_APPICON_NAME = AppIcon;
				CODE_SIGN_IDENTITY = "iPhone Developer";
				INFOPLIST_FILE = Bluit/Info.plist;
				IPHONEOS_DEPLOYMENT_TARGET = 8.0;
				LD_RUNPATH_SEARCH_PATHS = "$(inherited) @executable_path/Frameworks";
				PRODUCT_NAME = redditPad;
			};
			name = Debug;
		};
		E24514831AA6448500B80D2E /* Release */ = {
			isa = XCBuildConfiguration;
			baseConfigurationReference = 836F63B2190BA5E760A4B1E6 /* Pods.release.xcconfig */;
			buildSettings = {
				ASSETCATALOG_COMPILER_APPICON_NAME = AppIcon;
				CODE_SIGN_IDENTITY = "iPhone Developer";
				INFOPLIST_FILE = Bluit/Info.plist;
				IPHONEOS_DEPLOYMENT_TARGET = 8.0;
				LD_RUNPATH_SEARCH_PATHS = "$(inherited) @executable_path/Frameworks";
				PRODUCT_NAME = redditPad;
			};
			name = Release;
		};
		E24514851AA6448500B80D2E /* Debug */ = {
			isa = XCBuildConfiguration;
			buildSettings = {
				BUNDLE_LOADER = "$(TEST_HOST)";
				FRAMEWORK_SEARCH_PATHS = (
					"$(SDKROOT)/Developer/Library/Frameworks",
					"$(inherited)",
				);
				GCC_PREPROCESSOR_DEFINITIONS = (
					"DEBUG=1",
					"$(inherited)",
				);
				INFOPLIST_FILE = BluitTests/Info.plist;
				LD_RUNPATH_SEARCH_PATHS = "$(inherited) @executable_path/Frameworks @loader_path/Frameworks";
				PRODUCT_NAME = redditPadTests;
				TEST_HOST = "$(BUILT_PRODUCTS_DIR)/redditPad.app/redditPad";
			};
			name = Debug;
		};
		E24514861AA6448500B80D2E /* Release */ = {
			isa = XCBuildConfiguration;
			buildSettings = {
				BUNDLE_LOADER = "$(TEST_HOST)";
				FRAMEWORK_SEARCH_PATHS = (
					"$(SDKROOT)/Developer/Library/Frameworks",
					"$(inherited)",
				);
				INFOPLIST_FILE = BluitTests/Info.plist;
				LD_RUNPATH_SEARCH_PATHS = "$(inherited) @executable_path/Frameworks @loader_path/Frameworks";
				PRODUCT_NAME = redditPadTests;
				TEST_HOST = "$(BUILT_PRODUCTS_DIR)/redditPad.app/redditPad";
			};
			name = Release;
		};
/* End XCBuildConfiguration section */

/* Begin XCConfigurationList section */
		E24514561AA6448400B80D2E /* Build configuration list for PBXProject "redditPad" */ = {
			isa = XCConfigurationList;
			buildConfigurations = (
				E245147F1AA6448500B80D2E /* Debug */,
				E24514801AA6448500B80D2E /* Release */,
			);
			defaultConfigurationIsVisible = 0;
			defaultConfigurationName = Release;
		};
		E24514811AA6448500B80D2E /* Build configuration list for PBXNativeTarget "redditPad" */ = {
			isa = XCConfigurationList;
			buildConfigurations = (
				E24514821AA6448500B80D2E /* Debug */,
				E24514831AA6448500B80D2E /* Release */,
			);
			defaultConfigurationIsVisible = 0;
			defaultConfigurationName = Release;
		};
		E24514841AA6448500B80D2E /* Build configuration list for PBXNativeTarget "redditPadTests" */ = {
			isa = XCConfigurationList;
			buildConfigurations = (
				E24514851AA6448500B80D2E /* Debug */,
				E24514861AA6448500B80D2E /* Release */,
			);
			defaultConfigurationIsVisible = 0;
			defaultConfigurationName = Release;
		};
/* End XCConfigurationList section */
	};
	rootObject = E24514531AA6448400B80D2E /* Project object */;
}
